
Microsoft Visual Studio Solution File, Format Version 12.00
# Visual Studio Version 16
VisualStudioVersion = 16.0.31515.178
MinimumVisualStudioVersion = 10.0.40219.1
Project("{9A19103F-16F7-4668-BE54-9A1E7A4F7556}") = "Localiza.FrotasApi", "Localiza.Frotas\Localiza.FrotasApi.csproj", "{9259578F-443E-4152-963D-E7CE0A0A4BDE}"
EndProject
Project("{9A19103F-16F7-4668-BE54-9A1E7A4F7556}") = "Localizar.Domain", "Localizar.frotas\Localizar.Domain.csproj", "{43051BAD-9BED-4427-AF24-D9DC71B8520E}"
EndProject
Project("{9A19103F-16F7-4668-BE54-9A1E7A4F7556}") = "Localizar.frotas.infra", "Localizar.frotas.infra\Localizar.frotas.infra.csproj", "{97C0A5D1-C0C9-4ACB-9542-24D99ED5843F}"
EndProject
Global
	GlobalSection(SolutionConfigurationPlatforms) = preSolution
		Debug|Any CPU = Debug|Any CPU
		Release|Any CPU = Release|Any CPU
	EndGlobalSection
	GlobalSection(ProjectConfigurationPlatforms) = postSolution
		{9259578F-443E-4152-963D-E7CE0A0A4BDE}.Debug|Any CPU.ActiveCfg = Debug|Any CPU
		{9259578F-443E-4152-963D-E7CE0A0A4BDE}.Debug|Any CPU.Build.0 = Debug|Any CPU
		{9259578F-443E-4152-963D-E7CE0A0A4BDE}.Release|Any CPU.ActiveCfg = Release|Any CPU
		{9259578F-443E-4152-963D-E7CE0A0A4BDE}.Release|Any CPU.Build.0 = Release|Any CPU
		{43051BAD-9BED-4427-AF24-D9DC71B8520E}.Debug|Any CPU.ActiveCfg = Debug|Any CPU
		{43051BAD-9BED-4427-AF24-D9DC71B8520E}.Debug|Any CPU.Build.0 = Debug|Any CPU
		{43051BAD-9BED-4427-AF24-D9DC71B8520E}.Release|Any CPU.ActiveCfg = Release|Any CPU
		{43051BAD-9BED-4427-AF24-D9DC71B8520E}.Release|Any CPU.Build.0 = Release|Any CPU
		{97C0A5D1-C0C9-4ACB-9542-24D99ED5843F}.Debug|Any CPU.ActiveCfg = Debug|Any CPU
		{97C0A5D1-C0C9-4ACB-9542-24D99ED5843F}.Debug|Any CPU.Build.0 = Debug|Any CPU
		{97C0A5D1-C0C9-4ACB-9542-24D99ED5843F}.Release|Any CPU.ActiveCfg = Release|Any CPU
		{97C0A5D1-C0C9-4ACB-9542-24D99ED5843F}.Release|Any CPU.Build.0 = Release|Any CPU
	EndGlobalSection
	GlobalSection(SolutionProperties) = preSolution
		HideSolutionNode = FALSE
	EndGlobalSection
	GlobalSection(ExtensibilityGlobals) = postSolution
		SolutionGuid = {B8CD7B78-EEC8-4F1C-9677-AC290B633221}
	EndGlobalSection
EndGlobal
